// !$*UTF8*$!
{
	archiveVersion = 1;
	classes = {
	};
	objectVersion = 51;
	objects = {

/* Begin PBXBuildFile section */
		022F9DF926A66A360098A020 /* TopRatedTableViewCell.swift in Sources */ = {isa = PBXBuildFile; fileRef = 022F9DF826A66A360098A020 /* TopRatedTableViewCell.swift */; };
		022F9DFD26A66A960098A020 /* CommonCollectionViewCell.swift in Sources */ = {isa = PBXBuildFile; fileRef = 022F9DFB26A66A960098A020 /* CommonCollectionViewCell.swift */; };
		022F9DFE26A66A960098A020 /* CommonCollectionViewCell.xib in Resources */ = {isa = PBXBuildFile; fileRef = 022F9DFC26A66A960098A020 /* CommonCollectionViewCell.xib */; };
		022F9E0226A698F60098A020 /* UpcomingTableViewCell.swift in Sources */ = {isa = PBXBuildFile; fileRef = 022F9E0126A698F60098A020 /* UpcomingTableViewCell.swift */; };
		022F9E1226A6FC420098A020 /* DetailMovieViewController.swift in Sources */ = {isa = PBXBuildFile; fileRef = 022F9E1126A6FC420098A020 /* DetailMovieViewController.swift */; };
		022F9E4126A7BBF40098A020 /* SearchViewController.swift in Sources */ = {isa = PBXBuildFile; fileRef = 022F9E4026A7BBF40098A020 /* SearchViewController.swift */; };
		022F9E5426A7CFC60098A020 /* PopularKeywordTableViewCell.swift in Sources */ = {isa = PBXBuildFile; fileRef = 022F9E5326A7CFC60098A020 /* PopularKeywordTableViewCell.swift */; };
		02438B8626A1795A00D46659 /* AppDelegate.swift in Sources */ = {isa = PBXBuildFile; fileRef = 02438B8526A1795A00D46659 /* AppDelegate.swift */; };
		02438B8826A1795A00D46659 /* SceneDelegate.swift in Sources */ = {isa = PBXBuildFile; fileRef = 02438B8726A1795A00D46659 /* SceneDelegate.swift */; };
		02438B8D26A1795A00D46659 /* Main.storyboard in Resources */ = {isa = PBXBuildFile; fileRef = 02438B8B26A1795A00D46659 /* Main.storyboard */; };
		02438B8F26A1795B00D46659 /* Assets.xcassets in Resources */ = {isa = PBXBuildFile; fileRef = 02438B8E26A1795B00D46659 /* Assets.xcassets */; };
		02438B9226A1795B00D46659 /* LaunchScreen.storyboard in Resources */ = {isa = PBXBuildFile; fileRef = 02438B9026A1795B00D46659 /* LaunchScreen.storyboard */; };
		024CDE9826A5D87A00DBBD3B /* MovieAPI.swift in Sources */ = {isa = PBXBuildFile; fileRef = 024CDE9726A5D87A00DBBD3B /* MovieAPI.swift */; };
		024CDE9B26A5D88600DBBD3B /* MovieNetworkManager.swift in Sources */ = {isa = PBXBuildFile; fileRef = 024CDE9A26A5D88600DBBD3B /* MovieNetworkManager.swift */; };
		024CDE9F26A5D8A200DBBD3B /* Movie.swift in Sources */ = {isa = PBXBuildFile; fileRef = 024CDE9E26A5D8A200DBBD3B /* Movie.swift */; };
		02B607FF26A56F4B00B14B79 /* MyViewController.swift in Sources */ = {isa = PBXBuildFile; fileRef = 02B607FE26A56F4B00B14B79 /* MyViewController.swift */; };
		02B6080A26A5701300B14B79 /* HomeViewController.swift in Sources */ = {isa = PBXBuildFile; fileRef = 02B6080926A5701300B14B79 /* HomeViewController.swift */; };
		02B6080D26A5702000B14B79 /* NowPlayingTableViewCell.swift in Sources */ = {isa = PBXBuildFile; fileRef = 02B6080C26A5702000B14B79 /* NowPlayingTableViewCell.swift */; };
		02B6081126A5719800B14B79 /* NowPlayingCollectionViewCell.swift in Sources */ = {isa = PBXBuildFile; fileRef = 02B6080F26A5719800B14B79 /* NowPlayingCollectionViewCell.swift */; };
		02B6081226A5719800B14B79 /* NowPlayingCollectionViewCell.xib in Resources */ = {isa = PBXBuildFile; fileRef = 02B6081026A5719800B14B79 /* NowPlayingCollectionViewCell.xib */; };
		3AF381F49DC6D650500C1633 /* Pods_MovieLog.framework in Frameworks */ = {isa = PBXBuildFile; fileRef = 2EA7A1E3FBB8DED0675D622A /* Pods_MovieLog.framework */; };
/* End PBXBuildFile section */

/* Begin PBXFileReference section */
		022F9DF826A66A360098A020 /* TopRatedTableViewCell.swift */ = {isa = PBXFileReference; lastKnownFileType = sourcecode.swift; path = TopRatedTableViewCell.swift; sourceTree = "<group>"; };
		022F9DFB26A66A960098A020 /* CommonCollectionViewCell.swift */ = {isa = PBXFileReference; lastKnownFileType = sourcecode.swift; path = CommonCollectionViewCell.swift; sourceTree = "<group>"; };
		022F9DFC26A66A960098A020 /* CommonCollectionViewCell.xib */ = {isa = PBXFileReference; lastKnownFileType = file.xib; path = CommonCollectionViewCell.xib; sourceTree = "<group>"; };
		022F9E0126A698F60098A020 /* UpcomingTableViewCell.swift */ = {isa = PBXFileReference; lastKnownFileType = sourcecode.swift; path = UpcomingTableViewCell.swift; sourceTree = "<group>"; };
		022F9E1126A6FC420098A020 /* DetailMovieViewController.swift */ = {isa = PBXFileReference; lastKnownFileType = sourcecode.swift; path = DetailMovieViewController.swift; sourceTree = "<group>"; };
		022F9E4026A7BBF40098A020 /* SearchViewController.swift */ = {isa = PBXFileReference; fileEncoding = 4; lastKnownFileType = sourcecode.swift; path = SearchViewController.swift; sourceTree = "<group>"; };
		022F9E5326A7CFC60098A020 /* PopularKeywordTableViewCell.swift */ = {isa = PBXFileReference; lastKnownFileType = sourcecode.swift; path = PopularKeywordTableViewCell.swift; sourceTree = "<group>"; };
		02438B8226A1795A00D46659 /* MovieLog.app */ = {isa = PBXFileReference; explicitFileType = wrapper.application; includeInIndex = 0; path = MovieLog.app; sourceTree = BUILT_PRODUCTS_DIR; };
		02438B8526A1795A00D46659 /* AppDelegate.swift */ = {isa = PBXFileReference; lastKnownFileType = sourcecode.swift; path = AppDelegate.swift; sourceTree = "<group>"; };
		02438B8726A1795A00D46659 /* SceneDelegate.swift */ = {isa = PBXFileReference; lastKnownFileType = sourcecode.swift; path = SceneDelegate.swift; sourceTree = "<group>"; };
		02438B8C26A1795A00D46659 /* Base */ = {isa = PBXFileReference; lastKnownFileType = file.storyboard; name = Base; path = Base.lproj/Main.storyboard; sourceTree = "<group>"; };
		02438B8E26A1795B00D46659 /* Assets.xcassets */ = {isa = PBXFileReference; lastKnownFileType = folder.assetcatalog; path = Assets.xcassets; sourceTree = "<group>"; };
		02438B9126A1795B00D46659 /* Base */ = {isa = PBXFileReference; lastKnownFileType = file.storyboard; name = Base; path = Base.lproj/LaunchScreen.storyboard; sourceTree = "<group>"; };
		02438B9326A1795B00D46659 /* Info.plist */ = {isa = PBXFileReference; lastKnownFileType = text.plist.xml; path = Info.plist; sourceTree = "<group>"; };
		024CDE9726A5D87A00DBBD3B /* MovieAPI.swift */ = {isa = PBXFileReference; lastKnownFileType = sourcecode.swift; path = MovieAPI.swift; sourceTree = "<group>"; };
		024CDE9A26A5D88600DBBD3B /* MovieNetworkManager.swift */ = {isa = PBXFileReference; lastKnownFileType = sourcecode.swift; path = MovieNetworkManager.swift; sourceTree = "<group>"; };
		024CDE9E26A5D8A200DBBD3B /* Movie.swift */ = {isa = PBXFileReference; lastKnownFileType = sourcecode.swift; path = Movie.swift; sourceTree = "<group>"; };
		02B607FE26A56F4B00B14B79 /* MyViewController.swift */ = {isa = PBXFileReference; lastKnownFileType = sourcecode.swift; path = MyViewController.swift; sourceTree = "<group>"; };
		02B6080926A5701300B14B79 /* HomeViewController.swift */ = {isa = PBXFileReference; fileEncoding = 4; lastKnownFileType = sourcecode.swift; path = HomeViewController.swift; sourceTree = "<group>"; };
		02B6080C26A5702000B14B79 /* NowPlayingTableViewCell.swift */ = {isa = PBXFileReference; lastKnownFileType = sourcecode.swift; path = NowPlayingTableViewCell.swift; sourceTree = "<group>"; };
		02B6080F26A5719800B14B79 /* NowPlayingCollectionViewCell.swift */ = {isa = PBXFileReference; lastKnownFileType = sourcecode.swift; path = NowPlayingCollectionViewCell.swift; sourceTree = "<group>"; };
		02B6081026A5719800B14B79 /* NowPlayingCollectionViewCell.xib */ = {isa = PBXFileReference; lastKnownFileType = file.xib; path = NowPlayingCollectionViewCell.xib; sourceTree = "<group>"; };
		2EA7A1E3FBB8DED0675D622A /* Pods_MovieLog.framework */ = {isa = PBXFileReference; explicitFileType = wrapper.framework; includeInIndex = 0; path = Pods_MovieLog.framework; sourceTree = BUILT_PRODUCTS_DIR; };
		68066DF3898D08DB41B4E95C /* Pods-MovieLog.debug.xcconfig */ = {isa = PBXFileReference; includeInIndex = 1; lastKnownFileType = text.xcconfig; name = "Pods-MovieLog.debug.xcconfig"; path = "Target Support Files/Pods-MovieLog/Pods-MovieLog.debug.xcconfig"; sourceTree = "<group>"; };
		804CA67A3840E8DE2B2E7C27 /* Pods-MovieLog.release.xcconfig */ = {isa = PBXFileReference; includeInIndex = 1; lastKnownFileType = text.xcconfig; name = "Pods-MovieLog.release.xcconfig"; path = "Target Support Files/Pods-MovieLog/Pods-MovieLog.release.xcconfig"; sourceTree = "<group>"; };
/* End PBXFileReference section */

/* Begin PBXFrameworksBuildPhase section */
		02438B7F26A1795A00D46659 /* Frameworks */ = {
			isa = PBXFrameworksBuildPhase;
			buildActionMask = 2147483647;
			files = (
				3AF381F49DC6D650500C1633 /* Pods_MovieLog.framework in Frameworks */,
			);
			runOnlyForDeploymentPostprocessing = 0;
		};
/* End PBXFrameworksBuildPhase section */

/* Begin PBXGroup section */
		022F9E0526A69FAB0098A020 /* DetailMovie */ = {
			isa = PBXGroup;
			children = (
				022F9E0726A69FBD0098A020 /* V */,
				022F9E0626A69FBA0098A020 /* C */,
			);
			path = DetailMovie;
			sourceTree = "<group>";
		};
		022F9E0626A69FBA0098A020 /* C */ = {
			isa = PBXGroup;
			children = (
				022F9E1126A6FC420098A020 /* DetailMovieViewController.swift */,
			);
			path = C;
			sourceTree = "<group>";
		};
		022F9E0726A69FBD0098A020 /* V */ = {
			isa = PBXGroup;
			children = (
			);
			path = V;
			sourceTree = "<group>";
		};
		022F9E3926A7BB450098A020 /* C */ = {
			isa = PBXGroup;
			children = (
				022F9E4026A7BBF40098A020 /* SearchViewController.swift */,
			);
			path = C;
			sourceTree = "<group>";
		};
		022F9E3A26A7BB4F0098A020 /* V */ = {
			isa = PBXGroup;
			children = (
				022F9E5326A7CFC60098A020 /* PopularKeywordTableViewCell.swift */,
			);
			path = V;
			sourceTree = "<group>";
		};
		02438B7926A1795A00D46659 = {
			isa = PBXGroup;
			children = (
				02438B8426A1795A00D46659 /* MovieLog */,
				02438B8326A1795A00D46659 /* Products */,
				C68E2F47E95EDAF83BB9AB30 /* Pods */,
				29E4B6B4EEB3B6BA603FA7F0 /* Frameworks */,
			);
			sourceTree = "<group>";
		};
		02438B8326A1795A00D46659 /* Products */ = {
			isa = PBXGroup;
			children = (
				02438B8226A1795A00D46659 /* MovieLog.app */,
			);
			name = Products;
			sourceTree = "<group>";
		};
		02438B8426A1795A00D46659 /* MovieLog */ = {
			isa = PBXGroup;
			children = (
				02438B8526A1795A00D46659 /* AppDelegate.swift */,
				02438B8726A1795A00D46659 /* SceneDelegate.swift */,
				02438B8B26A1795A00D46659 /* Main.storyboard */,
				024CDE9D26A5D89200DBBD3B /* Model */,
				024CDE9626A5D86900DBBD3B /* MovieAPI */,
				02B607F326A56EE600B14B79 /* Home */,
				022F9E0526A69FAB0098A020 /* DetailMovie */,
				02B607F426A56EEB00B14B79 /* Search */,
				02B607F526A56EF500B14B79 /* My */,
				02438B8E26A1795B00D46659 /* Assets.xcassets */,
				02438B9026A1795B00D46659 /* LaunchScreen.storyboard */,
				02438B9326A1795B00D46659 /* Info.plist */,
			);
			path = MovieLog;
			sourceTree = "<group>";
		};
		024CDE9626A5D86900DBBD3B /* MovieAPI */ = {
			isa = PBXGroup;
			children = (
				024CDE9726A5D87A00DBBD3B /* MovieAPI.swift */,
				024CDE9A26A5D88600DBBD3B /* MovieNetworkManager.swift */,
			);
			path = MovieAPI;
			sourceTree = "<group>";
		};
		024CDE9D26A5D89200DBBD3B /* Model */ = {
			isa = PBXGroup;
			children = (
				024CDE9E26A5D8A200DBBD3B /* Movie.swift */,
			);
			path = Model;
			sourceTree = "<group>";
		};
		02B607F326A56EE600B14B79 /* Home */ = {
			isa = PBXGroup;
			children = (
				02B6080626A56FF300B14B79 /* V */,
				02B6080526A56FF000B14B79 /* C */,
			);
			path = Home;
			sourceTree = "<group>";
		};
		02B607F426A56EEB00B14B79 /* Search */ = {
			isa = PBXGroup;
			children = (
				022F9E3A26A7BB4F0098A020 /* V */,
				022F9E3926A7BB450098A020 /* C */,
			);
			path = Search;
			sourceTree = "<group>";
		};
		02B607F526A56EF500B14B79 /* My */ = {
			isa = PBXGroup;
			children = (
				02B607FE26A56F4B00B14B79 /* MyViewController.swift */,
			);
			path = My;
			sourceTree = "<group>";
		};
		02B6080526A56FF000B14B79 /* C */ = {
			isa = PBXGroup;
			children = (
				02B6080926A5701300B14B79 /* HomeViewController.swift */,
			);
			path = C;
			sourceTree = "<group>";
		};
		02B6080626A56FF300B14B79 /* V */ = {
			isa = PBXGroup;
			children = (
				02B6080C26A5702000B14B79 /* NowPlayingTableViewCell.swift */,
				02B6080F26A5719800B14B79 /* NowPlayingCollectionViewCell.swift */,
				02B6081026A5719800B14B79 /* NowPlayingCollectionViewCell.xib */,
				022F9DF826A66A360098A020 /* TopRatedTableViewCell.swift */,
				022F9E0126A698F60098A020 /* UpcomingTableViewCell.swift */,
				022F9DFB26A66A960098A020 /* CommonCollectionViewCell.swift */,
				022F9DFC26A66A960098A020 /* CommonCollectionViewCell.xib */,
			);
			path = V;
			sourceTree = "<group>";
		};
		29E4B6B4EEB3B6BA603FA7F0 /* Frameworks */ = {
			isa = PBXGroup;
			children = (
				2EA7A1E3FBB8DED0675D622A /* Pods_MovieLog.framework */,
			);
			name = Frameworks;
			sourceTree = "<group>";
		};
		C68E2F47E95EDAF83BB9AB30 /* Pods */ = {
			isa = PBXGroup;
			children = (
				68066DF3898D08DB41B4E95C /* Pods-MovieLog.debug.xcconfig */,
				804CA67A3840E8DE2B2E7C27 /* Pods-MovieLog.release.xcconfig */,
			);
			path = Pods;
			sourceTree = "<group>";
		};
/* End PBXGroup section */

/* Begin PBXNativeTarget section */
		02438B8126A1795A00D46659 /* MovieLog */ = {
			isa = PBXNativeTarget;
			buildConfigurationList = 02438B9626A1795B00D46659 /* Build configuration list for PBXNativeTarget "MovieLog" */;
			buildPhases = (
				E92F3E33E2214F9325C00EBC /* [CP] Check Pods Manifest.lock */,
				02438B7E26A1795A00D46659 /* Sources */,
				02438B7F26A1795A00D46659 /* Frameworks */,
				02438B8026A1795A00D46659 /* Resources */,
				9474CE33E78A00B2D346F784 /* [CP] Embed Pods Frameworks */,
			);
			buildRules = (
			);
			dependencies = (
			);
			name = MovieLog;
			productName = MovieLog;
			productReference = 02438B8226A1795A00D46659 /* MovieLog.app */;
			productType = "com.apple.product-type.application";
		};
/* End PBXNativeTarget section */

/* Begin PBXProject section */
		02438B7A26A1795A00D46659 /* Project object */ = {
			isa = PBXProject;
			attributes = {
				LastSwiftUpdateCheck = 1240;
				LastUpgradeCheck = 1240;
				TargetAttributes = {
					02438B8126A1795A00D46659 = {
						CreatedOnToolsVersion = 12.4;
					};
				};
			};
			buildConfigurationList = 02438B7D26A1795A00D46659 /* Build configuration list for PBXProject "MovieLog" */;
			compatibilityVersion = "Xcode 9.3";
			developmentRegion = en;
			hasScannedForEncodings = 0;
			knownRegions = (
				en,
				Base,
			);
			mainGroup = 02438B7926A1795A00D46659;
			productRefGroup = 02438B8326A1795A00D46659 /* Products */;
			projectDirPath = "";
			projectRoot = "";
			targets = (
				02438B8126A1795A00D46659 /* MovieLog */,
			);
		};
/* End PBXProject section */

/* Begin PBXResourcesBuildPhase section */
		02438B8026A1795A00D46659 /* Resources */ = {
			isa = PBXResourcesBuildPhase;
			buildActionMask = 2147483647;
			files = (
				02B6081226A5719800B14B79 /* NowPlayingCollectionViewCell.xib in Resources */,
				02438B9226A1795B00D46659 /* LaunchScreen.storyboard in Resources */,
				022F9DFE26A66A960098A020 /* CommonCollectionViewCell.xib in Resources */,
				02438B8F26A1795B00D46659 /* Assets.xcassets in Resources */,
				02438B8D26A1795A00D46659 /* Main.storyboard in Resources */,
			);
			runOnlyForDeploymentPostprocessing = 0;
		};
/* End PBXResourcesBuildPhase section */

/* Begin PBXShellScriptBuildPhase section */
		9474CE33E78A00B2D346F784 /* [CP] Embed Pods Frameworks */ = {
			isa = PBXShellScriptBuildPhase;
			buildActionMask = 2147483647;
			files = (
			);
			inputFileListPaths = (
				"${PODS_ROOT}/Target Support Files/Pods-MovieLog/Pods-MovieLog-frameworks-${CONFIGURATION}-input-files.xcfilelist",
			);
			name = "[CP] Embed Pods Frameworks";
			outputFileListPaths = (
				"${PODS_ROOT}/Target Support Files/Pods-MovieLog/Pods-MovieLog-frameworks-${CONFIGURATION}-output-files.xcfilelist",
			);
			runOnlyForDeploymentPostprocessing = 0;
			shellPath = /bin/sh;
			shellScript = "\"${PODS_ROOT}/Target Support Files/Pods-MovieLog/Pods-MovieLog-frameworks.sh\"\n";
			showEnvVarsInLog = 0;
		};
		E92F3E33E2214F9325C00EBC /* [CP] Check Pods Manifest.lock */ = {
			isa = PBXShellScriptBuildPhase;
			buildActionMask = 2147483647;
			files = (
			);
			inputFileListPaths = (
			);
			inputPaths = (
				"${PODS_PODFILE_DIR_PATH}/Podfile.lock",
				"${PODS_ROOT}/Manifest.lock",
			);
			name = "[CP] Check Pods Manifest.lock";
			outputFileListPaths = (
			);
			outputPaths = (
				"$(DERIVED_FILE_DIR)/Pods-MovieLog-checkManifestLockResult.txt",
			);
			runOnlyForDeploymentPostprocessing = 0;
			shellPath = /bin/sh;
			shellScript = "diff \"${PODS_PODFILE_DIR_PATH}/Podfile.lock\" \"${PODS_ROOT}/Manifest.lock\" > /dev/null\nif [ $? != 0 ] ; then\n    # print error to STDERR\n    echo \"error: The sandbox is not in sync with the Podfile.lock. Run 'pod install' or update your CocoaPods installation.\" >&2\n    exit 1\nfi\n# This output is used by Xcode 'outputs' to avoid re-running this script phase.\necho \"SUCCESS\" > \"${SCRIPT_OUTPUT_FILE_0}\"\n";
			showEnvVarsInLog = 0;
		};
/* End PBXShellScriptBuildPhase section */

/* Begin PBXSourcesBuildPhase section */
		02438B7E26A1795A00D46659 /* Sources */ = {
			isa = PBXSourcesBuildPhase;
			buildActionMask = 2147483647;
			files = (
				022F9E0226A698F60098A020 /* UpcomingTableViewCell.swift in Sources */,
				024CDE9B26A5D88600DBBD3B /* MovieNetworkManager.swift in Sources */,
				022F9E1226A6FC420098A020 /* DetailMovieViewController.swift in Sources */,
				022F9DFD26A66A960098A020 /* CommonCollectionViewCell.swift in Sources */,
				02B6081126A5719800B14B79 /* NowPlayingCollectionViewCell.swift in Sources */,
				02B6080A26A5701300B14B79 /* HomeViewController.swift in Sources */,
				02B6080D26A5702000B14B79 /* NowPlayingTableViewCell.swift in Sources */,
				024CDE9F26A5D8A200DBBD3B /* Movie.swift in Sources */,
				022F9E4126A7BBF40098A020 /* SearchViewController.swift in Sources */,
				024CDE9826A5D87A00DBBD3B /* MovieAPI.swift in Sources */,
				02438B8626A1795A00D46659 /* AppDelegate.swift in Sources */,
				022F9E5426A7CFC60098A020 /* PopularKeywordTableViewCell.swift in Sources */,
				02438B8826A1795A00D46659 /* SceneDelegate.swift in Sources */,
				022F9DF926A66A360098A020 /* TopRatedTableViewCell.swift in Sources */,
				02B607FF26A56F4B00B14B79 /* MyViewController.swift in Sources */,
			);
			runOnlyForDeploymentPostprocessing = 0;
		};
/* End PBXSourcesBuildPhase section */

/* Begin PBXVariantGroup section */
		02438B8B26A1795A00D46659 /* Main.storyboard */ = {
			isa = PBXVariantGroup;
			children = (
				02438B8C26A1795A00D46659 /* Base */,
			);
			name = Main.storyboard;
			sourceTree = "<group>";
		};
		02438B9026A1795B00D46659 /* LaunchScreen.storyboard */ = {
			isa = PBXVariantGroup;
			children = (
				02438B9126A1795B00D46659 /* Base */,
			);
			name = LaunchScreen.storyboard;
			sourceTree = "<group>";
		};
/* End PBXVariantGroup section */

/* Begin XCBuildConfiguration section */
		02438B9426A1795B00D46659 /* Debug */ = {
			isa = XCBuildConfiguration;
			buildSettings = {
				ALWAYS_SEARCH_USER_PATHS = NO;
				CLANG_ANALYZER_NONNULL = YES;
				CLANG_ANALYZER_NUMBER_OBJECT_CONVERSION = YES_AGGRESSIVE;
				CLANG_CXX_LANGUAGE_STANDARD = "gnu++14";
				CLANG_CXX_LIBRARY = "libc++";
				CLANG_ENABLE_MODULES = YES;
				CLANG_ENABLE_OBJC_ARC = YES;
				CLANG_ENABLE_OBJC_WEAK = YES;
				CLANG_WARN_BLOCK_CAPTURE_AUTORELEASING = YES;
				CLANG_WARN_BOOL_CONVERSION = YES;
				CLANG_WARN_COMMA = YES;
				CLANG_WARN_CONSTANT_CONVERSION = YES;
				CLANG_WARN_DEPRECATED_OBJC_IMPLEMENTATIONS = YES;
				CLANG_WARN_DIRECT_OBJC_ISA_USAGE = YES_ERROR;
				CLANG_WARN_DOCUMENTATION_COMMENTS = YES;
				CLANG_WARN_EMPTY_BODY = YES;
				CLANG_WARN_ENUM_CONVERSION = YES;
				CLANG_WARN_INFINITE_RECURSION = YES;
				CLANG_WARN_INT_CONVERSION = YES;
				CLANG_WARN_NON_LITERAL_NULL_CONVERSION = YES;
				CLANG_WARN_OBJC_IMPLICIT_RETAIN_SELF = YES;
				CLANG_WARN_OBJC_LITERAL_CONVERSION = YES;
				CLANG_WARN_OBJC_ROOT_CLASS = YES_ERROR;
				CLANG_WARN_QUOTED_INCLUDE_IN_FRAMEWORK_HEADER = YES;
				CLANG_WARN_RANGE_LOOP_ANALYSIS = YES;
				CLANG_WARN_STRICT_PROTOTYPES = YES;
				CLANG_WARN_SUSPICIOUS_MOVE = YES;
				CLANG_WARN_UNGUARDED_AVAILABILITY = YES_AGGRESSIVE;
				CLANG_WARN_UNREACHABLE_CODE = YES;
				CLANG_WARN__DUPLICATE_METHOD_MATCH = YES;
				COPY_PHASE_STRIP = NO;
				DEBUG_INFORMATION_FORMAT = dwarf;
				ENABLE_STRICT_OBJC_MSGSEND = YES;
				ENABLE_TESTABILITY = YES;
				GCC_C_LANGUAGE_STANDARD = gnu11;
				GCC_DYNAMIC_NO_PIC = NO;
				GCC_NO_COMMON_BLOCKS = YES;
				GCC_OPTIMIZATION_LEVEL = 0;
				GCC_PREPROCESSOR_DEFINITIONS = (
					"DEBUG=1",
					"$(inherited)",
				);
				GCC_WARN_64_TO_32_BIT_CONVERSION = YES;
				GCC_WARN_ABOUT_RETURN_TYPE = YES_ERROR;
				GCC_WARN_UNDECLARED_SELECTOR = YES;
				GCC_WARN_UNINITIALIZED_AUTOS = YES_AGGRESSIVE;
				GCC_WARN_UNUSED_FUNCTION = YES;
				GCC_WARN_UNUSED_VARIABLE = YES;
				IPHONEOS_DEPLOYMENT_TARGET = 14.4;
				MTL_ENABLE_DEBUG_INFO = INCLUDE_SOURCE;
				MTL_FAST_MATH = YES;
				ONLY_ACTIVE_ARCH = YES;
				SDKROOT = iphoneos;
				SWIFT_ACTIVE_COMPILATION_CONDITIONS = DEBUG;
				SWIFT_OPTIMIZATION_LEVEL = "-Onone";
			};
			name = Debug;
		};
		02438B9526A1795B00D46659 /* Release */ = {
			isa = XCBuildConfiguration;
			buildSettings = {
				ALWAYS_SEARCH_USER_PATHS = NO;
				CLANG_ANALYZER_NONNULL = YES;
				CLANG_ANALYZER_NUMBER_OBJECT_CONVERSION = YES_AGGRESSIVE;
				CLANG_CXX_LANGUAGE_STANDARD = "gnu++14";
				CLANG_CXX_LIBRARY = "libc++";
				CLANG_ENABLE_MODULES = YES;
				CLANG_ENABLE_OBJC_ARC = YES;
				CLANG_ENABLE_OBJC_WEAK = YES;
				CLANG_WARN_BLOCK_CAPTURE_AUTORELEASING = YES;
				CLANG_WARN_BOOL_CONVERSION = YES;
				CLANG_WARN_COMMA = YES;
				CLANG_WARN_CONSTANT_CONVERSION = YES;
				CLANG_WARN_DEPRECATED_OBJC_IMPLEMENTATIONS = YES;
				CLANG_WARN_DIRECT_OBJC_ISA_USAGE = YES_ERROR;
				CLANG_WARN_DOCUMENTATION_COMMENTS = YES;
				CLANG_WARN_EMPTY_BODY = YES;
				CLANG_WARN_ENUM_CONVERSION = YES;
				CLANG_WARN_INFINITE_RECURSION = YES;
				CLANG_WARN_INT_CONVERSION = YES;
				CLANG_WARN_NON_LITERAL_NULL_CONVERSION = YES;
				CLANG_WARN_OBJC_IMPLICIT_RETAIN_SELF = YES;
				CLANG_WARN_OBJC_LITERAL_CONVERSION = YES;
				CLANG_WARN_OBJC_ROOT_CLASS = YES_ERROR;
				CLANG_WARN_QUOTED_INCLUDE_IN_FRAMEWORK_HEADER = YES;
				CLANG_WARN_RANGE_LOOP_ANALYSIS = YES;
				CLANG_WARN_STRICT_PROTOTYPES = YES;
				CLANG_WARN_SUSPICIOUS_MOVE = YES;
				CLANG_WARN_UNGUARDED_AVAILABILITY = YES_AGGRESSIVE;
				CLANG_WARN_UNREACHABLE_CODE = YES;
				CLANG_WARN__DUPLICATE_METHOD_MATCH = YES;
				COPY_PHASE_STRIP = NO;
				DEBUG_INFORMATION_FORMAT = "dwarf-with-dsym";
				ENABLE_NS_ASSERTIONS = NO;
				ENABLE_STRICT_OBJC_MSGSEND = YES;
				GCC_C_LANGUAGE_STANDARD = gnu11;
				GCC_NO_COMMON_BLOCKS = YES;
				GCC_WARN_64_TO_32_BIT_CONVERSION = YES;
				GCC_WARN_ABOUT_RETURN_TYPE = YES_ERROR;
				GCC_WARN_UNDECLARED_SELECTOR = YES;
				GCC_WARN_UNINITIALIZED_AUTOS = YES_AGGRESSIVE;
				GCC_WARN_UNUSED_FUNCTION = YES;
				GCC_WARN_UNUSED_VARIABLE = YES;
				IPHONEOS_DEPLOYMENT_TARGET = 14.4;
				MTL_ENABLE_DEBUG_INFO = NO;
				MTL_FAST_MATH = YES;
				SDKROOT = iphoneos;
				SWIFT_COMPILATION_MODE = wholemodule;
				SWIFT_OPTIMIZATION_LEVEL = "-O";
				VALIDATE_PRODUCT = YES;
			};
			name = Release;
		};
		02438B9726A1795B00D46659 /* Debug */ = {
			isa = XCBuildConfiguration;
			baseConfigurationReference = 68066DF3898D08DB41B4E95C /* Pods-MovieLog.debug.xcconfig */;
			buildSettings = {
				ASSETCATALOG_COMPILER_APPICON_NAME = AppIcon;
				ASSETCATALOG_COMPILER_GLOBAL_ACCENT_COLOR_NAME = AccentColor;
				CODE_SIGN_STYLE = Automatic;
				DEVELOPMENT_TEAM = MK3P338UQW;
				INFOPLIST_FILE = MovieLog/Info.plist;
				LD_RUNPATH_SEARCH_PATHS = (
					"$(inherited)",
					"@executable_path/Frameworks",
				);
				PRODUCT_BUNDLE_IDENTIFIER = com.mizy.MovieLog;
				PRODUCT_NAME = "$(TARGET_NAME)";
				SWIFT_VERSION = 5.0;
				TARGETED_DEVICE_FAMILY = "1,2";
			};
			name = Debug;
		};
		02438B9826A1795B00D46659 /* Release */ = {
			isa = XCBuildConfiguration;
			baseConfigurationReference = 804CA67A3840E8DE2B2E7C27 /* Pods-MovieLog.release.xcconfig */;
			buildSettings = {
				ASSETCATALOG_COMPILER_APPICON_NAME = AppIcon;
				ASSETCATALOG_COMPILER_GLOBAL_ACCENT_COLOR_NAME = AccentColor;
				CODE_SIGN_STYLE = Automatic;
				DEVELOPMENT_TEAM = MK3P338UQW;
				INFOPLIST_FILE = MovieLog/Info.plist;
				LD_RUNPATH_SEARCH_PATHS = (
					"$(inherited)",
					"@executable_path/Frameworks",
				);
				PRODUCT_BUNDLE_IDENTIFIER = com.mizy.MovieLog;
				PRODUCT_NAME = "$(TARGET_NAME)";
				SWIFT_VERSION = 5.0;
				TARGETED_DEVICE_FAMILY = "1,2";
			};
			name = Release;
		};
/* End XCBuildConfiguration section */

/* Begin XCConfigurationList section */
		02438B7D26A1795A00D46659 /* Build configuration list for PBXProject "MovieLog" */ = {
			isa = XCConfigurationList;
			buildConfigurations = (
				02438B9426A1795B00D46659 /* Debug */,
				02438B9526A1795B00D46659 /* Release */,
			);
			defaultConfigurationIsVisible = 0;
			defaultConfigurationName = Release;
		};
		02438B9626A1795B00D46659 /* Build configuration list for PBXNativeTarget "MovieLog" */ = {
			isa = XCConfigurationList;
			buildConfigurations = (
				02438B9726A1795B00D46659 /* Debug */,
				02438B9826A1795B00D46659 /* Release */,
			);
			defaultConfigurationIsVisible = 0;
			defaultConfigurationName = Release;
		};
/* End XCConfigurationList section */
	};
	rootObject = 02438B7A26A1795A00D46659 /* Project object */;
}
